
Microsoft Visual Studio Solution File, Format Version 12.00
# Visual Studio Version 16
VisualStudioVersion = 16.0.28922.388
MinimumVisualStudioVersion = 10.0.40219.1
Project("{2150E333-8FDC-42A3-9474-1A3956D46DE8}") = "04-CableStyaed", "04-CableStyaed", "{BAD7424D-986C-40D9-B69E-41A0FC079093}"
EndProject
Project("{2150E333-8FDC-42A3-9474-1A3956D46DE8}") = "CommonLib", "CommonLib", "{CBAA47DB-1E16-423E-92E3-880D11022FBC}"
EndProject
Project("{FAE04EC0-301F-11D3-BF4B-00C04F79EFBC}") = "CableStyaedDrawer", "CableStayed\Drawer\CableStyaedDrawer.csproj", "{5D1A2977-AE3D-40EF-85A1-56DC5DDAFBD7}"
EndProject
Project("{FAE04EC0-301F-11D3-BF4B-00C04F79EFBC}") = "CableStyaedBridge", "CableStayed\Bridge\CableStyaedBridge.csproj", "{C1CEDBBC-4341-4F37-9382-18A961B84AA1}"
EndProject
Project("{FAE04EC0-301F-11D3-BF4B-00C04F79EFBC}") = "SmartBridgeBuilder.Extension", "Extension\SmartBridgeBuilder.Extension.csproj", "{6131FB24-5802-4F8B-8F68-0F9E7253576E}"
EndProject
Project("{FAE04EC0-301F-11D3-BF4B-00C04F79EFBC}") = "SmartBridgeBuilder.RoadDesign", "Spiral\SmartBridgeBuilder.RoadDesign.csproj", "{FADB1549-4999-4B8D-A429-DD115718F48D}"
EndProject
Project("{FAE04EC0-301F-11D3-BF4B-00C04F79EFBC}") = "SmartBridgeBuilder.Structure", "SubStructure\SmartBridgeBuilder.Structure.csproj", "{F54FFB23-221C-474B-83C8-8D707EEC56E5}"
EndProject
Project("{2150E333-8FDC-42A3-9474-1A3956D46DE8}") = "Test", "Test", "{0E5B1734-6464-47A0-997C-41F483A5657A}"
EndProject
Project("{FAE04EC0-301F-11D3-BF4B-00C04F79EFBC}") = "TestTeklaUI", "TestTeklaUI\TestTeklaUI.csproj", "{267E0693-5B44-41EC-BF02-D64691B517B3}"
EndProject
Project("{2150E333-8FDC-42A3-9474-1A3956D46DE8}") = "06-Other", "06-Other", "{D4188964-B84B-4302-BB99-0E28BD36ACE7}"
EndProject
Project("{FAE04EC0-301F-11D3-BF4B-00C04F79EFBC}") = "SXGJG", "SXGJG\SXGJG.csproj", "{D4775087-4A25-48C4-85D0-DECDA7FD5422}"
EndProject
Project("{FAE04EC0-301F-11D3-BF4B-00C04F79EFBC}") = "CADTestNet", "CADTestNet\CADTestNet.csproj", "{3FDEC5E5-665E-4713-95E1-D884081F5809}"
EndProject
Project("{FAE04EC0-301F-11D3-BF4B-00C04F79EFBC}") = "SmartBridgeBuilder.BOQ", "SmartBridgeBuilder.BOQ\SmartBridgeBuilder.BOQ.csproj", "{C713F7CB-B886-4B56-B53C-08B40D532E4A}"
EndProject
Project("{FAE04EC0-301F-11D3-BF4B-00C04F79EFBC}") = "BlockTest", "BlockTest\BlockTest.csproj", "{3027CAEC-A9B5-4EDD-96BC-6AD77DE8D58C}"
EndProject
Global
	GlobalSection(SolutionConfigurationPlatforms) = preSolution
		Debug|Any CPU = Debug|Any CPU
		Release|Any CPU = Release|Any CPU
	EndGlobalSection
	GlobalSection(ProjectConfigurationPlatforms) = postSolution
		{5D1A2977-AE3D-40EF-85A1-56DC5DDAFBD7}.Debug|Any CPU.ActiveCfg = Debug|Any CPU
		{5D1A2977-AE3D-40EF-85A1-56DC5DDAFBD7}.Debug|Any CPU.Build.0 = Debug|Any CPU
		{5D1A2977-AE3D-40EF-85A1-56DC5DDAFBD7}.Release|Any CPU.ActiveCfg = Release|Any CPU
		{5D1A2977-AE3D-40EF-85A1-56DC5DDAFBD7}.Release|Any CPU.Build.0 = Release|Any CPU
		{C1CEDBBC-4341-4F37-9382-18A961B84AA1}.Debug|Any CPU.ActiveCfg = Debug|Any CPU
		{C1CEDBBC-4341-4F37-9382-18A961B84AA1}.Debug|Any CPU.Build.0 = Debug|Any CPU
		{C1CEDBBC-4341-4F37-9382-18A961B84AA1}.Release|Any CPU.ActiveCfg = Release|Any CPU
		{C1CEDBBC-4341-4F37-9382-18A961B84AA1}.Release|Any CPU.Build.0 = Release|Any CPU
		{6131FB24-5802-4F8B-8F68-0F9E7253576E}.Debug|Any CPU.ActiveCfg = Debug|Any CPU
		{6131FB24-5802-4F8B-8F68-0F9E7253576E}.Debug|Any CPU.Build.0 = Debug|Any CPU
		{6131FB24-5802-4F8B-8F68-0F9E7253576E}.Release|Any CPU.ActiveCfg = Release|Any CPU
		{6131FB24-5802-4F8B-8F68-0F9E7253576E}.Release|Any CPU.Build.0 = Release|Any CPU
		{FADB1549-4999-4B8D-A429-DD115718F48D}.Debug|Any CPU.ActiveCfg = Debug|Any CPU
		{FADB1549-4999-4B8D-A429-DD115718F48D}.Debug|Any CPU.Build.0 = Debug|Any CPU
		{FADB1549-4999-4B8D-A429-DD115718F48D}.Release|Any CPU.ActiveCfg = Release|Any CPU
		{FADB1549-4999-4B8D-A429-DD115718F48D}.Release|Any CPU.Build.0 = Release|Any CPU
		{F54FFB23-221C-474B-83C8-8D707EEC56E5}.Debug|Any CPU.ActiveCfg = Debug|Any CPU
		{F54FFB23-221C-474B-83C8-8D707EEC56E5}.Debug|Any CPU.Build.0 = Debug|Any CPU
		{F54FFB23-221C-474B-83C8-8D707EEC56E5}.Release|Any CPU.ActiveCfg = Release|Any CPU
		{F54FFB23-221C-474B-83C8-8D707EEC56E5}.Release|Any CPU.Build.0 = Release|Any CPU
		{267E0693-5B44-41EC-BF02-D64691B517B3}.Debug|Any CPU.ActiveCfg = Debug|Any CPU
		{267E0693-5B44-41EC-BF02-D64691B517B3}.Debug|Any CPU.Build.0 = Debug|Any CPU
		{267E0693-5B44-41EC-BF02-D64691B517B3}.Release|Any CPU.ActiveCfg = Release|Any CPU
		{267E0693-5B44-41EC-BF02-D64691B517B3}.Release|Any CPU.Build.0 = Release|Any CPU
		{D4775087-4A25-48C4-85D0-DECDA7FD5422}.Debug|Any CPU.ActiveCfg = Debug|Any CPU
		{D4775087-4A25-48C4-85D0-DECDA7FD5422}.Debug|Any CPU.Build.0 = Debug|Any CPU
		{D4775087-4A25-48C4-85D0-DECDA7FD5422}.Release|Any CPU.ActiveCfg = Release|Any CPU
		{D4775087-4A25-48C4-85D0-DECDA7FD5422}.Release|Any CPU.Build.0 = Release|Any CPU
		{3FDEC5E5-665E-4713-95E1-D884081F5809}.Debug|Any CPU.ActiveCfg = Debug|Any CPU
		{3FDEC5E5-665E-4713-95E1-D884081F5809}.Debug|Any CPU.Build.0 = Debug|Any CPU
		{3FDEC5E5-665E-4713-95E1-D884081F5809}.Release|Any CPU.ActiveCfg = Release|Any CPU
		{3FDEC5E5-665E-4713-95E1-D884081F5809}.Release|Any CPU.Build.0 = Release|Any CPU
		{C713F7CB-B886-4B56-B53C-08B40D532E4A}.Debug|Any CPU.ActiveCfg = Debug|Any CPU
		{C713F7CB-B886-4B56-B53C-08B40D532E4A}.Debug|Any CPU.Build.0 = Debug|Any CPU
		{C713F7CB-B886-4B56-B53C-08B40D532E4A}.Release|Any CPU.ActiveCfg = Release|Any CPU
		{C713F7CB-B886-4B56-B53C-08B40D532E4A}.Release|Any CPU.Build.0 = Release|Any CPU
		{3027CAEC-A9B5-4EDD-96BC-6AD77DE8D58C}.Debug|Any CPU.ActiveCfg = Debug|Any CPU
		{3027CAEC-A9B5-4EDD-96BC-6AD77DE8D58C}.Debug|Any CPU.Build.0 = Debug|Any CPU
		{3027CAEC-A9B5-4EDD-96BC-6AD77DE8D58C}.Release|Any CPU.ActiveCfg = Release|Any CPU
		{3027CAEC-A9B5-4EDD-96BC-6AD77DE8D58C}.Release|Any CPU.Build.0 = Release|Any CPU
	EndGlobalSection
	GlobalSection(SolutionProperties) = preSolution
		HideSolutionNode = FALSE
	EndGlobalSection
	GlobalSection(NestedProjects) = preSolution
		{5D1A2977-AE3D-40EF-85A1-56DC5DDAFBD7} = {BAD7424D-986C-40D9-B69E-41A0FC079093}
		{C1CEDBBC-4341-4F37-9382-18A961B84AA1} = {BAD7424D-986C-40D9-B69E-41A0FC079093}
		{6131FB24-5802-4F8B-8F68-0F9E7253576E} = {CBAA47DB-1E16-423E-92E3-880D11022FBC}
		{FADB1549-4999-4B8D-A429-DD115718F48D} = {CBAA47DB-1E16-423E-92E3-880D11022FBC}
		{F54FFB23-221C-474B-83C8-8D707EEC56E5} = {CBAA47DB-1E16-423E-92E3-880D11022FBC}
		{267E0693-5B44-41EC-BF02-D64691B517B3} = {0E5B1734-6464-47A0-997C-41F483A5657A}
		{D4775087-4A25-48C4-85D0-DECDA7FD5422} = {D4188964-B84B-4302-BB99-0E28BD36ACE7}
		{3FDEC5E5-665E-4713-95E1-D884081F5809} = {D4188964-B84B-4302-BB99-0E28BD36ACE7}
		{C713F7CB-B886-4B56-B53C-08B40D532E4A} = {CBAA47DB-1E16-423E-92E3-880D11022FBC}
		{3027CAEC-A9B5-4EDD-96BC-6AD77DE8D58C} = {0E5B1734-6464-47A0-997C-41F483A5657A}
	EndGlobalSection
	GlobalSection(ExtensibilityGlobals) = postSolution
		SolutionGuid = {B64C564D-ED12-48D2-9872-42D358A1DD60}
	EndGlobalSection
EndGlobal
